# This file is automatically @generated by Cargo.
# It is not intended for manual editing.
version = 3

[[package]]
name = "calc-area"
version = "0.1.0"

[[package]]
name = "calc-area-into"
version = "0.1.0"

[[package]]
name = "sum-u32"
version = "0.1.0"

[[package]]
name = "traffic-light"
version = "0.1.0"
